
Microsoft Visual Studio Solution File, Format Version 12.00
# Visual Studio Version 17
VisualStudioVersion = 17.6.33801.468
MinimumVisualStudioVersion = 10.0.40219.1
Project("{2150E333-8FDC-42A3-9474-1A3956D46DE8}") = "Task0", "Task0", "{B177783C-94D4-4708-A1AF-2C4EA54C538B}"
EndProject
Project("{FAE04EC0-301F-11D3-BF4B-00C04F79EFBC}") = "Tyuiu.FalinGS.Sprint6.Task0.V25.Test", "Tyuiu.FalinGS.Sprint6.Task0.V25.Test\Tyuiu.FalinGS.Sprint6.Task0.V25.Test.csproj", "{22326DD5-538D-4868-BA7B-037CFCCF6E3C}"
EndProject
Project("{FAE04EC0-301F-11D3-BF4B-00C04F79EFBC}") = "Tyuiu.FalinGS.Sprint6.Task0.V25.Lib", "Tyuiu.FalinGS.Sprint6.Task0.V25.Lib\Tyuiu.FalinGS.Sprint6.Task0.V25.Lib.csproj", "{50BCD88F-5215-4E8D-98DF-CC7AC1A1EF67}"
EndProject
Project("{FAE04EC0-301F-11D3-BF4B-00C04F79EFBC}") = "Tyuiu.FalinGS.Sprint6.Task0.V25", "Tyuiu.FalinGS.Sprint6.Task0.V25\Tyuiu.FalinGS.Sprint6.Task0.V25.csproj", "{C7CB63EE-3F88-4C09-AE99-24F8D90381B1}"
EndProject
Project("{2150E333-8FDC-42A3-9474-1A3956D46DE8}") = "Task1", "Task1", "{80C09365-5A2E-41BA-8A76-124A6BA896A4}"
EndProject
Project("{FAE04EC0-301F-11D3-BF4B-00C04F79EFBC}") = "Tyuiu.FalinGS.Sprint6.Task1.V3.Test", "Tyuiu.FalinGS.Sprint6.Task1.V3.Test\Tyuiu.FalinGS.Sprint6.Task1.V3.Test.csproj", "{9F0B8938-4143-4A8E-983B-F288D7294555}"
EndProject
Project("{FAE04EC0-301F-11D3-BF4B-00C04F79EFBC}") = "Tyuiu.FalinGS.Sprint6.Task1.V3.Lib", "Tyuiu.FalinGS.Sprint6.Task1.V3.Lib\Tyuiu.FalinGS.Sprint6.Task1.V3.Lib.csproj", "{6BBFBD21-D46D-4896-81B8-83990EE6CCFC}"
EndProject
Project("{FAE04EC0-301F-11D3-BF4B-00C04F79EFBC}") = "Tyuiu.FalinGS.Sprint6.Task1.V3", "Tyuiu.FalinGS.Sprint6.Task1.V3\Tyuiu.FalinGS.Sprint6.Task1.V3.csproj", "{F2E7EB53-790F-4F5C-A49C-1C25DE14C561}"
EndProject
Project("{2150E333-8FDC-42A3-9474-1A3956D46DE8}") = "Task2", "Task2", "{DC997D3B-152F-48ED-9FEA-14430EE56DCD}"
EndProject
Project("{FAE04EC0-301F-11D3-BF4B-00C04F79EFBC}") = "Tyuiu.FalinGS.Sprint6.Task2.V22.Lib", "Tyuiu.FalinGS.Sprint6.Task2.V22.Lib\Tyuiu.FalinGS.Sprint6.Task2.V22.Lib.csproj", "{52241186-8A73-4D15-9272-975485BCA5EC}"
EndProject
Project("{FAE04EC0-301F-11D3-BF4B-00C04F79EFBC}") = "Tyuiu.FalinGS.Sprint6.Task2.V22.Test", "Tyuiu.FalinGS.Sprint6.Task2.V22.Test\Tyuiu.FalinGS.Sprint6.Task2.V22.Test.csproj", "{39EC7C09-D2B0-4F66-9FE8-1E0D732F6A5D}"
EndProject
Project("{FAE04EC0-301F-11D3-BF4B-00C04F79EFBC}") = "Tyuiu.FalinGS.Sprint6.Task2.V22", "Tyuiu.FalinGS.Sprint6.Task2.V22\Tyuiu.FalinGS.Sprint6.Task2.V22.csproj", "{7956EF3F-E66E-4894-9222-0AE7005E2548}"
EndProject
Project("{2150E333-8FDC-42A3-9474-1A3956D46DE8}") = "Task3", "Task3", "{05930E51-D415-418A-9CEA-EC0B0A7D29F3}"
EndProject
Project("{FAE04EC0-301F-11D3-BF4B-00C04F79EFBC}") = "Tyuiu.FalinGS.Sprint6.Task3.V8", "Tyuiu.FalinGS.Sprint6.Task3.V8\Tyuiu.FalinGS.Sprint6.Task3.V8.csproj", "{27B9E672-A2D8-4748-A98C-E2DC3BF3E577}"
EndProject
Project("{FAE04EC0-301F-11D3-BF4B-00C04F79EFBC}") = "Tyuiu.FalinGS.Sprint6.Task3.V8.Test", "Tyuiu.FalinGS.Sprint6.Task3.V8.Test\Tyuiu.FalinGS.Sprint6.Task3.V8.Test.csproj", "{245CB09D-53E0-4F46-B539-EF16A2F449B5}"
EndProject
Project("{FAE04EC0-301F-11D3-BF4B-00C04F79EFBC}") = "Tyuiu.FalinGS.Sprint6.Task3.V8.Lib", "Tyuiu.FalinGS.Sprint6.Task3.V8.Lib\Tyuiu.FalinGS.Sprint6.Task3.V8.Lib.csproj", "{BACF1BB6-A8FA-438C-89C4-4AE9E7167767}"
EndProject
Project("{2150E333-8FDC-42A3-9474-1A3956D46DE8}") = "Task4", "Task4", "{76A70BA2-164F-4D04-BD28-4A09FFDCA2DD}"
EndProject
Project("{FAE04EC0-301F-11D3-BF4B-00C04F79EFBC}") = "Tyuiu.FalinGS.Sprint6.Task4.V1.Lib", "Tyuiu.FalinGS.Sprint6.Task4.V1.Lib\Tyuiu.FalinGS.Sprint6.Task4.V1.Lib.csproj", "{23610C2B-E86E-4FF1-B116-5DC9E76E78D6}"
EndProject
Project("{FAE04EC0-301F-11D3-BF4B-00C04F79EFBC}") = "Tyuiu.FalinGS.Sprint6.Task4.V1.Test", "Tyuiu.FalinGS.Sprint6.Task4.V1.Test\Tyuiu.FalinGS.Sprint6.Task4.V1.Test.csproj", "{E571E897-31C9-48F6-99F7-E7BBCA9DEFF7}"
EndProject
Project("{FAE04EC0-301F-11D3-BF4B-00C04F79EFBC}") = "Tyuiu.FalinGS.Sprint6.Task4.V1", "Tyuiu.FalinGS.Sprint6.Task4.V1\Tyuiu.FalinGS.Sprint6.Task4.V1.csproj", "{DFBC28A5-EC0B-449C-ABB7-C085240BF5CA}"
EndProject
Project("{2150E333-8FDC-42A3-9474-1A3956D46DE8}") = "Task5", "Task5", "{85863C00-762B-4626-AFD7-BAF3B423E73C}"
EndProject
Project("{FAE04EC0-301F-11D3-BF4B-00C04F79EFBC}") = "Tyuiu.FalinGS.Sprint6.Task5.V8.Test", "Tyuiu.FalinGS.Sprint6.Task5.V8.Test\Tyuiu.FalinGS.Sprint6.Task5.V8.Test.csproj", "{366D234F-AFE4-45B0-8FCA-C482F777D48D}"
EndProject
Project("{FAE04EC0-301F-11D3-BF4B-00C04F79EFBC}") = "Tyuiu.FalinGS.Sprint6.Task5.V8.Lib", "Tyuiu.FalinGS.Sprint6.Task5.V8.Lib\Tyuiu.FalinGS.Sprint6.Task5.V8.Lib.csproj", "{23979C08-7E0A-40DF-ACF5-602C6789BA6E}"
EndProject
Project("{FAE04EC0-301F-11D3-BF4B-00C04F79EFBC}") = "Tyuiu.FalinGS.Sprint6.Task5.V8", "Tyuiu.FalinGS.Sprint6.Task5.V8\Tyuiu.FalinGS.Sprint6.Task5.V8.csproj", "{1AFDCF5A-19DC-4ECD-85C0-4103F7663FA0}"
EndProject
Project("{2150E333-8FDC-42A3-9474-1A3956D46DE8}") = "Task6", "Task6", "{3741DB22-289B-4D9D-ADAB-64E10F6185AF}"
EndProject
Project("{FAE04EC0-301F-11D3-BF4B-00C04F79EFBC}") = "Tyuiu.FalinGS.Sprint6.Task6.V27.Lib", "Tyuiu.FalinGS.Sprint6.Task6.V27.Lib\Tyuiu.FalinGS.Sprint6.Task6.V27.Lib.csproj", "{0EA35C06-C726-47FE-8672-204FE07CA5FD}"
EndProject
Project("{FAE04EC0-301F-11D3-BF4B-00C04F79EFBC}") = "Tyuiu.FalinGS.Sprint6.Task6.V27.Test", "Tyuiu.FalinGS.Sprint6.Task6.V27.Test\Tyuiu.FalinGS.Sprint6.Task6.V27.Test.csproj", "{4236A3FD-6BE6-4318-B865-9A35B25A6A63}"
EndProject
Project("{FAE04EC0-301F-11D3-BF4B-00C04F79EFBC}") = "Tyuiu.FalinGS.Sprint6.Task6.V27", "Tyuiu.FalinGS.Sprint6.Task6.V27\Tyuiu.FalinGS.Sprint6.Task6.V27.csproj", "{F62AE8FF-3E56-4AF4-94CD-678A0A6B0DEF}"
EndProject
Project("{2150E333-8FDC-42A3-9474-1A3956D46DE8}") = "Task7", "Task7", "{FD51ECD7-5079-4F33-97E7-36316070DD26}"
EndProject
Project("{FAE04EC0-301F-11D3-BF4B-00C04F79EFBC}") = "Tyuiu.FalinGS.Sprint6.Task7.V28.Test", "Tyuiu.FalinGS.Sprint6.Task7.V28.Test\Tyuiu.FalinGS.Sprint6.Task7.V28.Test.csproj", "{EF9F8D1D-9FFE-4DCC-BE91-9F4DA7C2C0CF}"
EndProject
Project("{FAE04EC0-301F-11D3-BF4B-00C04F79EFBC}") = "Tyuiu.FalinGS.Sprint6.Task7.V28.Lib", "Tyuiu.FalinGS.Sprint6.Task7.V28.Lib\Tyuiu.FalinGS.Sprint6.Task7.V28.Lib.csproj", "{E5985AE8-D5A0-4550-BDAD-5FB285CB40A4}"
EndProject
Project("{FAE04EC0-301F-11D3-BF4B-00C04F79EFBC}") = "Tyuiu.FalinGS.Sprint6.Task7.V28", "Tyuiu.FalinGS.Sprint6.Task7.V28\Tyuiu.FalinGS.Sprint6.Task7.V28.csproj", "{9BCE46DA-5F7B-4929-94D8-D104086AE0F8}"
EndProject
Global
	GlobalSection(SolutionConfigurationPlatforms) = preSolution
		Debug|Any CPU = Debug|Any CPU
		Release|Any CPU = Release|Any CPU
	EndGlobalSection
	GlobalSection(ProjectConfigurationPlatforms) = postSolution
		{22326DD5-538D-4868-BA7B-037CFCCF6E3C}.Debug|Any CPU.ActiveCfg = Debug|Any CPU
		{22326DD5-538D-4868-BA7B-037CFCCF6E3C}.Debug|Any CPU.Build.0 = Debug|Any CPU
		{22326DD5-538D-4868-BA7B-037CFCCF6E3C}.Release|Any CPU.ActiveCfg = Release|Any CPU
		{22326DD5-538D-4868-BA7B-037CFCCF6E3C}.Release|Any CPU.Build.0 = Release|Any CPU
		{50BCD88F-5215-4E8D-98DF-CC7AC1A1EF67}.Debug|Any CPU.ActiveCfg = Debug|Any CPU
		{50BCD88F-5215-4E8D-98DF-CC7AC1A1EF67}.Debug|Any CPU.Build.0 = Debug|Any CPU
		{50BCD88F-5215-4E8D-98DF-CC7AC1A1EF67}.Release|Any CPU.ActiveCfg = Release|Any CPU
		{50BCD88F-5215-4E8D-98DF-CC7AC1A1EF67}.Release|Any CPU.Build.0 = Release|Any CPU
		{C7CB63EE-3F88-4C09-AE99-24F8D90381B1}.Debug|Any CPU.ActiveCfg = Debug|Any CPU
		{C7CB63EE-3F88-4C09-AE99-24F8D90381B1}.Debug|Any CPU.Build.0 = Debug|Any CPU
		{C7CB63EE-3F88-4C09-AE99-24F8D90381B1}.Release|Any CPU.ActiveCfg = Release|Any CPU
		{C7CB63EE-3F88-4C09-AE99-24F8D90381B1}.Release|Any CPU.Build.0 = Release|Any CPU
		{9F0B8938-4143-4A8E-983B-F288D7294555}.Debug|Any CPU.ActiveCfg = Debug|Any CPU
		{9F0B8938-4143-4A8E-983B-F288D7294555}.Debug|Any CPU.Build.0 = Debug|Any CPU
		{9F0B8938-4143-4A8E-983B-F288D7294555}.Release|Any CPU.ActiveCfg = Release|Any CPU
		{9F0B8938-4143-4A8E-983B-F288D7294555}.Release|Any CPU.Build.0 = Release|Any CPU
		{6BBFBD21-D46D-4896-81B8-83990EE6CCFC}.Debug|Any CPU.ActiveCfg = Debug|Any CPU
		{6BBFBD21-D46D-4896-81B8-83990EE6CCFC}.Debug|Any CPU.Build.0 = Debug|Any CPU
		{6BBFBD21-D46D-4896-81B8-83990EE6CCFC}.Release|Any CPU.ActiveCfg = Release|Any CPU
		{6BBFBD21-D46D-4896-81B8-83990EE6CCFC}.Release|Any CPU.Build.0 = Release|Any CPU
		{F2E7EB53-790F-4F5C-A49C-1C25DE14C561}.Debug|Any CPU.ActiveCfg = Debug|Any CPU
		{F2E7EB53-790F-4F5C-A49C-1C25DE14C561}.Debug|Any CPU.Build.0 = Debug|Any CPU
		{F2E7EB53-790F-4F5C-A49C-1C25DE14C561}.Release|Any CPU.ActiveCfg = Release|Any CPU
		{F2E7EB53-790F-4F5C-A49C-1C25DE14C561}.Release|Any CPU.Build.0 = Release|Any CPU
		{52241186-8A73-4D15-9272-975485BCA5EC}.Debug|Any CPU.ActiveCfg = Debug|Any CPU
		{52241186-8A73-4D15-9272-975485BCA5EC}.Debug|Any CPU.Build.0 = Debug|Any CPU
		{52241186-8A73-4D15-9272-975485BCA5EC}.Release|Any CPU.ActiveCfg = Release|Any CPU
		{52241186-8A73-4D15-9272-975485BCA5EC}.Release|Any CPU.Build.0 = Release|Any CPU
		{39EC7C09-D2B0-4F66-9FE8-1E0D732F6A5D}.Debug|Any CPU.ActiveCfg = Debug|Any CPU
		{39EC7C09-D2B0-4F66-9FE8-1E0D732F6A5D}.Debug|Any CPU.Build.0 = Debug|Any CPU
		{39EC7C09-D2B0-4F66-9FE8-1E0D732F6A5D}.Release|Any CPU.ActiveCfg = Release|Any CPU
		{39EC7C09-D2B0-4F66-9FE8-1E0D732F6A5D}.Release|Any CPU.Build.0 = Release|Any CPU
		{7956EF3F-E66E-4894-9222-0AE7005E2548}.Debug|Any CPU.ActiveCfg = Debug|Any CPU
		{7956EF3F-E66E-4894-9222-0AE7005E2548}.Debug|Any CPU.Build.0 = Debug|Any CPU
		{7956EF3F-E66E-4894-9222-0AE7005E2548}.Release|Any CPU.ActiveCfg = Release|Any CPU
		{7956EF3F-E66E-4894-9222-0AE7005E2548}.Release|Any CPU.Build.0 = Release|Any CPU
		{27B9E672-A2D8-4748-A98C-E2DC3BF3E577}.Debug|Any CPU.ActiveCfg = Debug|Any CPU
		{27B9E672-A2D8-4748-A98C-E2DC3BF3E577}.Debug|Any CPU.Build.0 = Debug|Any CPU
		{27B9E672-A2D8-4748-A98C-E2DC3BF3E577}.Release|Any CPU.ActiveCfg = Release|Any CPU
		{27B9E672-A2D8-4748-A98C-E2DC3BF3E577}.Release|Any CPU.Build.0 = Release|Any CPU
		{245CB09D-53E0-4F46-B539-EF16A2F449B5}.Debug|Any CPU.ActiveCfg = Debug|Any CPU
		{245CB09D-53E0-4F46-B539-EF16A2F449B5}.Debug|Any CPU.Build.0 = Debug|Any CPU
		{245CB09D-53E0-4F46-B539-EF16A2F449B5}.Release|Any CPU.ActiveCfg = Release|Any CPU
		{245CB09D-53E0-4F46-B539-EF16A2F449B5}.Release|Any CPU.Build.0 = Release|Any CPU
		{BACF1BB6-A8FA-438C-89C4-4AE9E7167767}.Debug|Any CPU.ActiveCfg = Debug|Any CPU
		{BACF1BB6-A8FA-438C-89C4-4AE9E7167767}.Debug|Any CPU.Build.0 = Debug|Any CPU
		{BACF1BB6-A8FA-438C-89C4-4AE9E7167767}.Release|Any CPU.ActiveCfg = Release|Any CPU
		{BACF1BB6-A8FA-438C-89C4-4AE9E7167767}.Release|Any CPU.Build.0 = Release|Any CPU
		{23610C2B-E86E-4FF1-B116-5DC9E76E78D6}.Debug|Any CPU.ActiveCfg = Debug|Any CPU
		{23610C2B-E86E-4FF1-B116-5DC9E76E78D6}.Debug|Any CPU.Build.0 = Debug|Any CPU
		{23610C2B-E86E-4FF1-B116-5DC9E76E78D6}.Release|Any CPU.ActiveCfg = Release|Any CPU
		{23610C2B-E86E-4FF1-B116-5DC9E76E78D6}.Release|Any CPU.Build.0 = Release|Any CPU
		{E571E897-31C9-48F6-99F7-E7BBCA9DEFF7}.Debug|Any CPU.ActiveCfg = Debug|Any CPU
		{E571E897-31C9-48F6-99F7-E7BBCA9DEFF7}.Debug|Any CPU.Build.0 = Debug|Any CPU
		{E571E897-31C9-48F6-99F7-E7BBCA9DEFF7}.Release|Any CPU.ActiveCfg = Release|Any CPU
		{E571E897-31C9-48F6-99F7-E7BBCA9DEFF7}.Release|Any CPU.Build.0 = Release|Any CPU
		{DFBC28A5-EC0B-449C-ABB7-C085240BF5CA}.Debug|Any CPU.ActiveCfg = Debug|Any CPU
		{DFBC28A5-EC0B-449C-ABB7-C085240BF5CA}.Debug|Any CPU.Build.0 = Debug|Any CPU
		{DFBC28A5-EC0B-449C-ABB7-C085240BF5CA}.Release|Any CPU.ActiveCfg = Release|Any CPU
		{DFBC28A5-EC0B-449C-ABB7-C085240BF5CA}.Release|Any CPU.Build.0 = Release|Any CPU
		{366D234F-AFE4-45B0-8FCA-C482F777D48D}.Debug|Any CPU.ActiveCfg = Debug|Any CPU
		{366D234F-AFE4-45B0-8FCA-C482F777D48D}.Debug|Any CPU.Build.0 = Debug|Any CPU
		{366D234F-AFE4-45B0-8FCA-C482F777D48D}.Release|Any CPU.ActiveCfg = Release|Any CPU
		{366D234F-AFE4-45B0-8FCA-C482F777D48D}.Release|Any CPU.Build.0 = Release|Any CPU
		{23979C08-7E0A-40DF-ACF5-602C6789BA6E}.Debug|Any CPU.ActiveCfg = Debug|Any CPU
		{23979C08-7E0A-40DF-ACF5-602C6789BA6E}.Debug|Any CPU.Build.0 = Debug|Any CPU
		{23979C08-7E0A-40DF-ACF5-602C6789BA6E}.Release|Any CPU.ActiveCfg = Release|Any CPU
		{23979C08-7E0A-40DF-ACF5-602C6789BA6E}.Release|Any CPU.Build.0 = Release|Any CPU
		{1AFDCF5A-19DC-4ECD-85C0-4103F7663FA0}.Debug|Any CPU.ActiveCfg = Debug|Any CPU
		{1AFDCF5A-19DC-4ECD-85C0-4103F7663FA0}.Debug|Any CPU.Build.0 = Debug|Any CPU
		{1AFDCF5A-19DC-4ECD-85C0-4103F7663FA0}.Release|Any CPU.ActiveCfg = Release|Any CPU
		{1AFDCF5A-19DC-4ECD-85C0-4103F7663FA0}.Release|Any CPU.Build.0 = Release|Any CPU
		{0EA35C06-C726-47FE-8672-204FE07CA5FD}.Debug|Any CPU.ActiveCfg = Debug|Any CPU
		{0EA35C06-C726-47FE-8672-204FE07CA5FD}.Debug|Any CPU.Build.0 = Debug|Any CPU
		{0EA35C06-C726-47FE-8672-204FE07CA5FD}.Release|Any CPU.ActiveCfg = Release|Any CPU
		{0EA35C06-C726-47FE-8672-204FE07CA5FD}.Release|Any CPU.Build.0 = Release|Any CPU
		{4236A3FD-6BE6-4318-B865-9A35B25A6A63}.Debug|Any CPU.ActiveCfg = Debug|Any CPU
		{4236A3FD-6BE6-4318-B865-9A35B25A6A63}.Debug|Any CPU.Build.0 = Debug|Any CPU
		{4236A3FD-6BE6-4318-B865-9A35B25A6A63}.Release|Any CPU.ActiveCfg = Release|Any CPU
		{4236A3FD-6BE6-4318-B865-9A35B25A6A63}.Release|Any CPU.Build.0 = Release|Any CPU
		{F62AE8FF-3E56-4AF4-94CD-678A0A6B0DEF}.Debug|Any CPU.ActiveCfg = Debug|Any CPU
		{F62AE8FF-3E56-4AF4-94CD-678A0A6B0DEF}.Debug|Any CPU.Build.0 = Debug|Any CPU
		{F62AE8FF-3E56-4AF4-94CD-678A0A6B0DEF}.Release|Any CPU.ActiveCfg = Release|Any CPU
		{F62AE8FF-3E56-4AF4-94CD-678A0A6B0DEF}.Release|Any CPU.Build.0 = Release|Any CPU
		{EF9F8D1D-9FFE-4DCC-BE91-9F4DA7C2C0CF}.Debug|Any CPU.ActiveCfg = Debug|Any CPU
		{EF9F8D1D-9FFE-4DCC-BE91-9F4DA7C2C0CF}.Debug|Any CPU.Build.0 = Debug|Any CPU
		{EF9F8D1D-9FFE-4DCC-BE91-9F4DA7C2C0CF}.Release|Any CPU.ActiveCfg = Release|Any CPU
		{EF9F8D1D-9FFE-4DCC-BE91-9F4DA7C2C0CF}.Release|Any CPU.Build.0 = Release|Any CPU
		{E5985AE8-D5A0-4550-BDAD-5FB285CB40A4}.Debug|Any CPU.ActiveCfg = Debug|Any CPU
		{E5985AE8-D5A0-4550-BDAD-5FB285CB40A4}.Debug|Any CPU.Build.0 = Debug|Any CPU
		{E5985AE8-D5A0-4550-BDAD-5FB285CB40A4}.Release|Any CPU.ActiveCfg = Release|Any CPU
		{E5985AE8-D5A0-4550-BDAD-5FB285CB40A4}.Release|Any CPU.Build.0 = Release|Any CPU
		{9BCE46DA-5F7B-4929-94D8-D104086AE0F8}.Debug|Any CPU.ActiveCfg = Debug|Any CPU
		{9BCE46DA-5F7B-4929-94D8-D104086AE0F8}.Debug|Any CPU.Build.0 = Debug|Any CPU
		{9BCE46DA-5F7B-4929-94D8-D104086AE0F8}.Release|Any CPU.ActiveCfg = Release|Any CPU
		{9BCE46DA-5F7B-4929-94D8-D104086AE0F8}.Release|Any CPU.Build.0 = Release|Any CPU
	EndGlobalSection
	GlobalSection(SolutionProperties) = preSolution
		HideSolutionNode = FALSE
	EndGlobalSection
	GlobalSection(NestedProjects) = preSolution
		{22326DD5-538D-4868-BA7B-037CFCCF6E3C} = {B177783C-94D4-4708-A1AF-2C4EA54C538B}
		{50BCD88F-5215-4E8D-98DF-CC7AC1A1EF67} = {B177783C-94D4-4708-A1AF-2C4EA54C538B}
		{C7CB63EE-3F88-4C09-AE99-24F8D90381B1} = {B177783C-94D4-4708-A1AF-2C4EA54C538B}
		{9F0B8938-4143-4A8E-983B-F288D7294555} = {80C09365-5A2E-41BA-8A76-124A6BA896A4}
		{6BBFBD21-D46D-4896-81B8-83990EE6CCFC} = {80C09365-5A2E-41BA-8A76-124A6BA896A4}
		{F2E7EB53-790F-4F5C-A49C-1C25DE14C561} = {80C09365-5A2E-41BA-8A76-124A6BA896A4}
		{52241186-8A73-4D15-9272-975485BCA5EC} = {DC997D3B-152F-48ED-9FEA-14430EE56DCD}
		{39EC7C09-D2B0-4F66-9FE8-1E0D732F6A5D} = {DC997D3B-152F-48ED-9FEA-14430EE56DCD}
		{7956EF3F-E66E-4894-9222-0AE7005E2548} = {DC997D3B-152F-48ED-9FEA-14430EE56DCD}
		{27B9E672-A2D8-4748-A98C-E2DC3BF3E577} = {05930E51-D415-418A-9CEA-EC0B0A7D29F3}
		{245CB09D-53E0-4F46-B539-EF16A2F449B5} = {05930E51-D415-418A-9CEA-EC0B0A7D29F3}
		{BACF1BB6-A8FA-438C-89C4-4AE9E7167767} = {05930E51-D415-418A-9CEA-EC0B0A7D29F3}
		{23610C2B-E86E-4FF1-B116-5DC9E76E78D6} = {76A70BA2-164F-4D04-BD28-4A09FFDCA2DD}
		{E571E897-31C9-48F6-99F7-E7BBCA9DEFF7} = {76A70BA2-164F-4D04-BD28-4A09FFDCA2DD}
		{DFBC28A5-EC0B-449C-ABB7-C085240BF5CA} = {76A70BA2-164F-4D04-BD28-4A09FFDCA2DD}
		{366D234F-AFE4-45B0-8FCA-C482F777D48D} = {85863C00-762B-4626-AFD7-BAF3B423E73C}
		{23979C08-7E0A-40DF-ACF5-602C6789BA6E} = {85863C00-762B-4626-AFD7-BAF3B423E73C}
		{1AFDCF5A-19DC-4ECD-85C0-4103F7663FA0} = {85863C00-762B-4626-AFD7-BAF3B423E73C}
		{0EA35C06-C726-47FE-8672-204FE07CA5FD} = {3741DB22-289B-4D9D-ADAB-64E10F6185AF}
		{4236A3FD-6BE6-4318-B865-9A35B25A6A63} = {3741DB22-289B-4D9D-ADAB-64E10F6185AF}
		{F62AE8FF-3E56-4AF4-94CD-678A0A6B0DEF} = {3741DB22-289B-4D9D-ADAB-64E10F6185AF}
		{EF9F8D1D-9FFE-4DCC-BE91-9F4DA7C2C0CF} = {FD51ECD7-5079-4F33-97E7-36316070DD26}
		{E5985AE8-D5A0-4550-BDAD-5FB285CB40A4} = {FD51ECD7-5079-4F33-97E7-36316070DD26}
		{9BCE46DA-5F7B-4929-94D8-D104086AE0F8} = {FD51ECD7-5079-4F33-97E7-36316070DD26}
	EndGlobalSection
	GlobalSection(ExtensibilityGlobals) = postSolution
		SolutionGuid = {37D2E26F-3A89-42FD-B145-FCCA1F794C32}
	EndGlobalSection
EndGlobal
